{
  "requires": true,
  "lockfileVersion": 1,
  "dependencies": {
    "dblapi.js": {
      "version": "2.4.1",
      "resolved": "https://registry.npmjs.org/dblapi.js/-/dblapi.js-2.4.1.tgz",
      "integrity": "sha512-g+u1inF/qOLit5qPK4hBGk5pKL1vy09uBLV+nukkRMvw2S9D1PyiyO70n4fboUXOgbExPp6Sho/Y782OqQOUiQ=="
    }
  }
}
